
Microsoft Visual Studio Solution File, Format Version 12.00
# Visual Studio Version 17
VisualStudioVersion = 17.10.35122.118
MinimumVisualStudioVersion = 10.0.40219.1
Project("{FAE04EC0-301F-11D3-BF4B-00C04F79EFBC}") = "QuanLySinhVien", "QuanLySinhVien.csproj", "{4CC7A625-C22A-46DF-AB8C-8E05C2653DBA}"
EndProject
Global
	GlobalSection(SolutionConfigurationPlatforms) = preSolution
		Debug|Any CPU = Debug|Any CPU
		Release|Any CPU = Release|Any CPU
	EndGlobalSection
	GlobalSection(ProjectConfigurationPlatforms) = postSolution
		{4CC7A625-C22A-46DF-AB8C-8E05C2653DBA}.Debug|Any CPU.ActiveCfg = Debug|Any CPU
		{4CC7A625-C22A-46DF-AB8C-8E05C2653DBA}.Debug|Any CPU.Build.0 = Debug|Any CPU
		{4CC7A625-C22A-46DF-AB8C-8E05C2653DBA}.Release|Any CPU.ActiveCfg = Release|Any CPU
		{4CC7A625-C22A-46DF-AB8C-8E05C2653DBA}.Release|Any CPU.Build.0 = Release|Any CPU
	EndGlobalSection
	GlobalSection(SolutionProperties) = preSolution
		HideSolutionNode = FALSE
	EndGlobalSection
	GlobalSection(ExtensibilityGlobals) = postSolution
		SolutionGuid = {E9E00350-46F0-4853-B6E6-A8A4C4D99FFC}
	EndGlobalSection
EndGlobal
